// !$*UTF8*$!
{
	archiveVersion = 1;
	classes = {
	};
	objectVersion = 50;
	objects = {

/* Begin PBXBuildFile section */
		14F7B065E02409E357E9C837 /* Pods_ApiTests.framework in Frameworks */ = {isa = PBXBuildFile; fileRef = E12359BE5516725D62B8D4E9 /* Pods_ApiTests.framework */; };
		48DE37C8276E39A18A932B62 /* Pods_PhotosTest.framework in Frameworks */ = {isa = PBXBuildFile; fileRef = 520738E75C93A9BECDB35369 /* Pods_PhotosTest.framework */; };
		52A611E9C6CDAFCC93FB67EF /* Pods_Api.framework in Frameworks */ = {isa = PBXBuildFile; fileRef = 43AD28BAC2AF77CCE5477517 /* Pods_Api.framework */; };
		57A39F7B2256383300AF87F7 /* PhotosListViewController.swift in Sources */ = {isa = PBXBuildFile; fileRef = 57A39F7A2256383300AF87F7 /* PhotosListViewController.swift */; };
		57A39F7E2256383300AF87F7 /* Main.storyboard in Resources */ = {isa = PBXBuildFile; fileRef = 57A39F7C2256383300AF87F7 /* Main.storyboard */; };
		57A39F832256383400AF87F7 /* LaunchScreen.storyboard in Resources */ = {isa = PBXBuildFile; fileRef = 57A39F812256383400AF87F7 /* LaunchScreen.storyboard */; };
		57A39F8E2256383400AF87F7 /* PhotosTestTests.swift in Sources */ = {isa = PBXBuildFile; fileRef = 57A39F8D2256383400AF87F7 /* PhotosTestTests.swift */; };
		57A39F9A225640CB00AF87F7 /* AppDelegate.swift in Sources */ = {isa = PBXBuildFile; fileRef = 57A39F99225640CB00AF87F7 /* AppDelegate.swift */; };
		57A39FA92256418E00AF87F7 /* Api.framework in Frameworks */ = {isa = PBXBuildFile; fileRef = 57A39FA02256418D00AF87F7 /* Api.framework */; };
		57A39FB02256418E00AF87F7 /* ApiTests.swift in Sources */ = {isa = PBXBuildFile; fileRef = 57A39FAF2256418E00AF87F7 /* ApiTests.swift */; };
		57A39FB22256418E00AF87F7 /* Api.h in Headers */ = {isa = PBXBuildFile; fileRef = 57A39FA22256418D00AF87F7 /* Api.h */; settings = {ATTRIBUTES = (Public, ); }; };
		57A39FB52256418E00AF87F7 /* Api.framework in Frameworks */ = {isa = PBXBuildFile; fileRef = 57A39FA02256418D00AF87F7 /* Api.framework */; };
		57A39FB62256418E00AF87F7 /* Api.framework in Embed Frameworks */ = {isa = PBXBuildFile; fileRef = 57A39FA02256418D00AF87F7 /* Api.framework */; settings = {ATTRIBUTES = (CodeSignOnCopy, RemoveHeadersOnCopy, ); }; };
		57A39FC2225641FF00AF87F7 /* Assets.xcassets in Resources */ = {isa = PBXBuildFile; fileRef = 57A39FC0225641FF00AF87F7 /* Assets.xcassets */; };
		57A39FC62256606C00AF87F7 /* Endpoint.swift in Sources */ = {isa = PBXBuildFile; fileRef = 57A39FC52256606C00AF87F7 /* Endpoint.swift */; };
		57A39FC8225660C700AF87F7 /* Service.swift in Sources */ = {isa = PBXBuildFile; fileRef = 57A39FC7225660C700AF87F7 /* Service.swift */; };
		57A39FCA225660F700AF87F7 /* HTTPRequestHandler.swift in Sources */ = {isa = PBXBuildFile; fileRef = 57A39FC9225660F700AF87F7 /* HTTPRequestHandler.swift */; };
		57A39FCC2256613D00AF87F7 /* URLSessionRequestHandler.swift in Sources */ = {isa = PBXBuildFile; fileRef = 57A39FCB2256613D00AF87F7 /* URLSessionRequestHandler.swift */; };
		57A39FCE2256621E00AF87F7 /* ServiceConfiguration.swift in Sources */ = {isa = PBXBuildFile; fileRef = 57A39FCD2256621E00AF87F7 /* ServiceConfiguration.swift */; };
		57A39FD022569DD700AF87F7 /* EndpointConfiguration.swift in Sources */ = {isa = PBXBuildFile; fileRef = 57A39FCF22569DD700AF87F7 /* EndpointConfiguration.swift */; };
		57A39FD222569DF700AF87F7 /* OperationConfiguration.swift in Sources */ = {isa = PBXBuildFile; fileRef = 57A39FD122569DF700AF87F7 /* OperationConfiguration.swift */; };
		57A39FD722569E6800AF87F7 /* PhotosService.swift in Sources */ = {isa = PBXBuildFile; fileRef = 57A39FD622569E6800AF87F7 /* PhotosService.swift */; };
		57A39FD922569F9100AF87F7 /* PhotosResponse.swift in Sources */ = {isa = PBXBuildFile; fileRef = 57A39FD822569F9100AF87F7 /* PhotosResponse.swift */; };
		57A39FDB2256A68D00AF87F7 /* IgnorableResponse.swift in Sources */ = {isa = PBXBuildFile; fileRef = 57A39FDA2256A68D00AF87F7 /* IgnorableResponse.swift */; };
		57A39FDD2256A6E300AF87F7 /* AlbumsResponse.swift in Sources */ = {isa = PBXBuildFile; fileRef = 57A39FDC2256A6E300AF87F7 /* AlbumsResponse.swift */; };
		57A39FDF2256A78100AF87F7 /* NewPhotoContext.swift in Sources */ = {isa = PBXBuildFile; fileRef = 57A39FDE2256A78100AF87F7 /* NewPhotoContext.swift */; };
		F3FCB3035BDC81AF9BDE7AEE /* Pods_PhotosTestTests.framework in Frameworks */ = {isa = PBXBuildFile; fileRef = DED580247950A93F9502003D /* Pods_PhotosTestTests.framework */; };
/* End PBXBuildFile section */

/* Begin PBXContainerItemProxy section */
		57A39F8A2256383400AF87F7 /* PBXContainerItemProxy */ = {
			isa = PBXContainerItemProxy;
			containerPortal = 57A39F6D2256383200AF87F7 /* Project object */;
			proxyType = 1;
			remoteGlobalIDString = 57A39F742256383300AF87F7;
			remoteInfo = PhotosTest;
		};
		57A39FAA2256418E00AF87F7 /* PBXContainerItemProxy */ = {
			isa = PBXContainerItemProxy;
			containerPortal = 57A39F6D2256383200AF87F7 /* Project object */;
			proxyType = 1;
			remoteGlobalIDString = 57A39F9F2256418D00AF87F7;
			remoteInfo = Api;
		};
		57A39FAC2256418E00AF87F7 /* PBXContainerItemProxy */ = {
			isa = PBXContainerItemProxy;
			containerPortal = 57A39F6D2256383200AF87F7 /* Project object */;
			proxyType = 1;
			remoteGlobalIDString = 57A39F742256383300AF87F7;
			remoteInfo = PhotosTest;
		};
		57A39FB32256418E00AF87F7 /* PBXContainerItemProxy */ = {
			isa = PBXContainerItemProxy;
			containerPortal = 57A39F6D2256383200AF87F7 /* Project object */;
			proxyType = 1;
			remoteGlobalIDString = 57A39F9F2256418D00AF87F7;
			remoteInfo = Api;
		};
/* End PBXContainerItemProxy section */

/* Begin PBXCopyFilesBuildPhase section */
		57A39FBA2256418E00AF87F7 /* Embed Frameworks */ = {
			isa = PBXCopyFilesBuildPhase;
			buildActionMask = 2147483647;
			dstPath = "";
			dstSubfolderSpec = 10;
			files = (
				57A39FB62256418E00AF87F7 /* Api.framework in Embed Frameworks */,
			);
			name = "Embed Frameworks";
			runOnlyForDeploymentPostprocessing = 0;
		};
/* End PBXCopyFilesBuildPhase section */

/* Begin PBXFileReference section */
		02C6D384814FEEBB9ED4BE00 /* Pods-PhotosTest.release.xcconfig */ = {isa = PBXFileReference; includeInIndex = 1; lastKnownFileType = text.xcconfig; name = "Pods-PhotosTest.release.xcconfig"; path = "Pods/Target Support Files/Pods-PhotosTest/Pods-PhotosTest.release.xcconfig"; sourceTree = "<group>"; };
		28E2103F9514F32AC0142C37 /* Pods-PhotosTestTests.debug.xcconfig */ = {isa = PBXFileReference; includeInIndex = 1; lastKnownFileType = text.xcconfig; name = "Pods-PhotosTestTests.debug.xcconfig"; path = "Pods/Target Support Files/Pods-PhotosTestTests/Pods-PhotosTestTests.debug.xcconfig"; sourceTree = "<group>"; };
		43AD28BAC2AF77CCE5477517 /* Pods_Api.framework */ = {isa = PBXFileReference; explicitFileType = wrapper.framework; includeInIndex = 0; path = Pods_Api.framework; sourceTree = BUILT_PRODUCTS_DIR; };
		4808A25E737F25C737E070A7 /* Pods-Api.release.xcconfig */ = {isa = PBXFileReference; includeInIndex = 1; lastKnownFileType = text.xcconfig; name = "Pods-Api.release.xcconfig"; path = "Pods/Target Support Files/Pods-Api/Pods-Api.release.xcconfig"; sourceTree = "<group>"; };
		520738E75C93A9BECDB35369 /* Pods_PhotosTest.framework */ = {isa = PBXFileReference; explicitFileType = wrapper.framework; includeInIndex = 0; path = Pods_PhotosTest.framework; sourceTree = BUILT_PRODUCTS_DIR; };
		57A39F752256383300AF87F7 /* PhotosTest.app */ = {isa = PBXFileReference; explicitFileType = wrapper.application; includeInIndex = 0; path = PhotosTest.app; sourceTree = BUILT_PRODUCTS_DIR; };
		57A39F7A2256383300AF87F7 /* PhotosListViewController.swift */ = {isa = PBXFileReference; lastKnownFileType = sourcecode.swift; path = PhotosListViewController.swift; sourceTree = "<group>"; };
		57A39F7D2256383300AF87F7 /* Base */ = {isa = PBXFileReference; lastKnownFileType = file.storyboard; name = Base; path = Base.lproj/Main.storyboard; sourceTree = "<group>"; };
		57A39F822256383400AF87F7 /* Base */ = {isa = PBXFileReference; lastKnownFileType = file.storyboard; name = Base; path = Base.lproj/LaunchScreen.storyboard; sourceTree = "<group>"; };
		57A39F892256383400AF87F7 /* PhotosTestTests.xctest */ = {isa = PBXFileReference; explicitFileType = wrapper.cfbundle; includeInIndex = 0; path = PhotosTestTests.xctest; sourceTree = BUILT_PRODUCTS_DIR; };
		57A39F8D2256383400AF87F7 /* PhotosTestTests.swift */ = {isa = PBXFileReference; lastKnownFileType = sourcecode.swift; path = PhotosTestTests.swift; sourceTree = "<group>"; };
		57A39F8F2256383400AF87F7 /* Info.plist */ = {isa = PBXFileReference; lastKnownFileType = text.plist.xml; path = Info.plist; sourceTree = "<group>"; };
		57A39F99225640CB00AF87F7 /* AppDelegate.swift */ = {isa = PBXFileReference; fileEncoding = 4; lastKnownFileType = sourcecode.swift; path = AppDelegate.swift; sourceTree = "<group>"; };
		57A39FA02256418D00AF87F7 /* Api.framework */ = {isa = PBXFileReference; explicitFileType = wrapper.framework; includeInIndex = 0; path = Api.framework; sourceTree = BUILT_PRODUCTS_DIR; };
		57A39FA22256418D00AF87F7 /* Api.h */ = {isa = PBXFileReference; lastKnownFileType = sourcecode.c.h; path = Api.h; sourceTree = "<group>"; };
		57A39FA32256418D00AF87F7 /* Info.plist */ = {isa = PBXFileReference; lastKnownFileType = text.plist.xml; path = Info.plist; sourceTree = "<group>"; };
		57A39FA82256418E00AF87F7 /* ApiTests.xctest */ = {isa = PBXFileReference; explicitFileType = wrapper.cfbundle; includeInIndex = 0; path = ApiTests.xctest; sourceTree = BUILT_PRODUCTS_DIR; };
		57A39FAF2256418E00AF87F7 /* ApiTests.swift */ = {isa = PBXFileReference; lastKnownFileType = sourcecode.swift; path = ApiTests.swift; sourceTree = "<group>"; };
		57A39FB12256418E00AF87F7 /* Info.plist */ = {isa = PBXFileReference; lastKnownFileType = text.plist.xml; path = Info.plist; sourceTree = "<group>"; };
		57A39FBF225641FE00AF87F7 /* Info.plist */ = {isa = PBXFileReference; fileEncoding = 4; lastKnownFileType = text.plist.xml; path = Info.plist; sourceTree = "<group>"; };
		57A39FC0225641FF00AF87F7 /* Assets.xcassets */ = {isa = PBXFileReference; lastKnownFileType = folder.assetcatalog; path = Assets.xcassets; sourceTree = "<group>"; };
		57A39FC52256606C00AF87F7 /* Endpoint.swift */ = {isa = PBXFileReference; lastKnownFileType = sourcecode.swift; path = Endpoint.swift; sourceTree = "<group>"; };
		57A39FC7225660C700AF87F7 /* Service.swift */ = {isa = PBXFileReference; lastKnownFileType = sourcecode.swift; path = Service.swift; sourceTree = "<group>"; };
		57A39FC9225660F700AF87F7 /* HTTPRequestHandler.swift */ = {isa = PBXFileReference; lastKnownFileType = sourcecode.swift; path = HTTPRequestHandler.swift; sourceTree = "<group>"; };
		57A39FCB2256613D00AF87F7 /* URLSessionRequestHandler.swift */ = {isa = PBXFileReference; lastKnownFileType = sourcecode.swift; path = URLSessionRequestHandler.swift; sourceTree = "<group>"; };
		57A39FCD2256621E00AF87F7 /* ServiceConfiguration.swift */ = {isa = PBXFileReference; lastKnownFileType = sourcecode.swift; path = ServiceConfiguration.swift; sourceTree = "<group>"; };
		57A39FCF22569DD700AF87F7 /* EndpointConfiguration.swift */ = {isa = PBXFileReference; lastKnownFileType = sourcecode.swift; path = EndpointConfiguration.swift; sourceTree = "<group>"; };
		57A39FD122569DF700AF87F7 /* OperationConfiguration.swift */ = {isa = PBXFileReference; lastKnownFileType = sourcecode.swift; path = OperationConfiguration.swift; sourceTree = "<group>"; };
		57A39FD622569E6800AF87F7 /* PhotosService.swift */ = {isa = PBXFileReference; lastKnownFileType = sourcecode.swift; path = PhotosService.swift; sourceTree = "<group>"; };
		57A39FD822569F9100AF87F7 /* PhotosResponse.swift */ = {isa = PBXFileReference; lastKnownFileType = sourcecode.swift; path = PhotosResponse.swift; sourceTree = "<group>"; };
		57A39FDA2256A68D00AF87F7 /* IgnorableResponse.swift */ = {isa = PBXFileReference; lastKnownFileType = sourcecode.swift; path = IgnorableResponse.swift; sourceTree = "<group>"; };
		57A39FDC2256A6E300AF87F7 /* AlbumsResponse.swift */ = {isa = PBXFileReference; lastKnownFileType = sourcecode.swift; path = AlbumsResponse.swift; sourceTree = "<group>"; };
		57A39FDE2256A78100AF87F7 /* NewPhotoContext.swift */ = {isa = PBXFileReference; lastKnownFileType = sourcecode.swift; path = NewPhotoContext.swift; sourceTree = "<group>"; };
		67AE26566F0A7E0C513BA82E /* Pods-ApiTests.debug.xcconfig */ = {isa = PBXFileReference; includeInIndex = 1; lastKnownFileType = text.xcconfig; name = "Pods-ApiTests.debug.xcconfig"; path = "Pods/Target Support Files/Pods-ApiTests/Pods-ApiTests.debug.xcconfig"; sourceTree = "<group>"; };
		AF1DAAE0B74C230A9EDE6242 /* Pods-Api.debug.xcconfig */ = {isa = PBXFileReference; includeInIndex = 1; lastKnownFileType = text.xcconfig; name = "Pods-Api.debug.xcconfig"; path = "Pods/Target Support Files/Pods-Api/Pods-Api.debug.xcconfig"; sourceTree = "<group>"; };
		CA593D897C028BF00FDF484D /* Pods-PhotosTest.debug.xcconfig */ = {isa = PBXFileReference; includeInIndex = 1; lastKnownFileType = text.xcconfig; name = "Pods-PhotosTest.debug.xcconfig"; path = "Pods/Target Support Files/Pods-PhotosTest/Pods-PhotosTest.debug.xcconfig"; sourceTree = "<group>"; };
		DED580247950A93F9502003D /* Pods_PhotosTestTests.framework */ = {isa = PBXFileReference; explicitFileType = wrapper.framework; includeInIndex = 0; path = Pods_PhotosTestTests.framework; sourceTree = BUILT_PRODUCTS_DIR; };
		E12359BE5516725D62B8D4E9 /* Pods_ApiTests.framework */ = {isa = PBXFileReference; explicitFileType = wrapper.framework; includeInIndex = 0; path = Pods_ApiTests.framework; sourceTree = BUILT_PRODUCTS_DIR; };
		FA281B81267ECE87F9A93373 /* Pods-PhotosTestTests.release.xcconfig */ = {isa = PBXFileReference; includeInIndex = 1; lastKnownFileType = text.xcconfig; name = "Pods-PhotosTestTests.release.xcconfig"; path = "Pods/Target Support Files/Pods-PhotosTestTests/Pods-PhotosTestTests.release.xcconfig"; sourceTree = "<group>"; };
		FD39591B30C8E743E41478A8 /* Pods-ApiTests.release.xcconfig */ = {isa = PBXFileReference; includeInIndex = 1; lastKnownFileType = text.xcconfig; name = "Pods-ApiTests.release.xcconfig"; path = "Pods/Target Support Files/Pods-ApiTests/Pods-ApiTests.release.xcconfig"; sourceTree = "<group>"; };
/* End PBXFileReference section */

/* Begin PBXFrameworksBuildPhase section */
		57A39F722256383300AF87F7 /* Frameworks */ = {
			isa = PBXFrameworksBuildPhase;
			buildActionMask = 2147483647;
			files = (
				57A39FB52256418E00AF87F7 /* Api.framework in Frameworks */,
				48DE37C8276E39A18A932B62 /* Pods_PhotosTest.framework in Frameworks */,
			);
			runOnlyForDeploymentPostprocessing = 0;
		};
		57A39F862256383400AF87F7 /* Frameworks */ = {
			isa = PBXFrameworksBuildPhase;
			buildActionMask = 2147483647;
			files = (
				F3FCB3035BDC81AF9BDE7AEE /* Pods_PhotosTestTests.framework in Frameworks */,
			);
			runOnlyForDeploymentPostprocessing = 0;
		};
		57A39F9D2256418D00AF87F7 /* Frameworks */ = {
			isa = PBXFrameworksBuildPhase;
			buildActionMask = 2147483647;
			files = (
				52A611E9C6CDAFCC93FB67EF /* Pods_Api.framework in Frameworks */,
			);
			runOnlyForDeploymentPostprocessing = 0;
		};
		57A39FA52256418E00AF87F7 /* Frameworks */ = {
			isa = PBXFrameworksBuildPhase;
			buildActionMask = 2147483647;
			files = (
				57A39FA92256418E00AF87F7 /* Api.framework in Frameworks */,
				14F7B065E02409E357E9C837 /* Pods_ApiTests.framework in Frameworks */,
			);
			runOnlyForDeploymentPostprocessing = 0;
		};
/* End PBXFrameworksBuildPhase section */

/* Begin PBXGroup section */
		57A39F6C2256383200AF87F7 = {
			isa = PBXGroup;
			children = (
				57A39F772256383300AF87F7 /* PhotosTest */,
				57A39F8C2256383400AF87F7 /* PhotosTestTests */,
				57A39FA12256418D00AF87F7 /* Api */,
				57A39FAE2256418E00AF87F7 /* ApiTests */,
				57A39F762256383300AF87F7 /* Products */,
				972407D42A97360C3E02176B /* Pods */,
				E32D7E31E9AA15CE94A747A3 /* Frameworks */,
			);
			sourceTree = "<group>";
		};
		57A39F762256383300AF87F7 /* Products */ = {
			isa = PBXGroup;
			children = (
				57A39F752256383300AF87F7 /* PhotosTest.app */,
				57A39F892256383400AF87F7 /* PhotosTestTests.xctest */,
				57A39FA02256418D00AF87F7 /* Api.framework */,
				57A39FA82256418E00AF87F7 /* ApiTests.xctest */,
			);
			name = Products;
			sourceTree = "<group>";
		};
		57A39F772256383300AF87F7 /* PhotosTest */ = {
			isa = PBXGroup;
			children = (
				57A39FC322564CCE00AF87F7 /* Main */,
				57A39FBE225641B600AF87F7 /* Resources */,
				57A39F982256409600AF87F7 /* AppDelegate */,
			);
			path = PhotosTest;
			sourceTree = "<group>";
		};
		57A39F8C2256383400AF87F7 /* PhotosTestTests */ = {
			isa = PBXGroup;
			children = (
				57A39F8D2256383400AF87F7 /* PhotosTestTests.swift */,
				57A39F8F2256383400AF87F7 /* Info.plist */,
			);
			path = PhotosTestTests;
			sourceTree = "<group>";
		};
		57A39F982256409600AF87F7 /* AppDelegate */ = {
			isa = PBXGroup;
			children = (
				57A39F99225640CB00AF87F7 /* AppDelegate.swift */,
			);
			path = AppDelegate;
			sourceTree = "<group>";
		};
		57A39FA12256418D00AF87F7 /* Api */ = {
			isa = PBXGroup;
			children = (
				57A39FD422569E4F00AF87F7 /* Services */,
				57A39FC42256605200AF87F7 /* Foundation */,
				57A39FA22256418D00AF87F7 /* Api.h */,
				57A39FA32256418D00AF87F7 /* Info.plist */,
			);
			path = Api;
			sourceTree = "<group>";
		};
		57A39FAE2256418E00AF87F7 /* ApiTests */ = {
			isa = PBXGroup;
			children = (
				57A39FAF2256418E00AF87F7 /* ApiTests.swift */,
				57A39FB12256418E00AF87F7 /* Info.plist */,
			);
			path = ApiTests;
			sourceTree = "<group>";
		};
		57A39FBE225641B600AF87F7 /* Resources */ = {
			isa = PBXGroup;
			children = (
				57A39F812256383400AF87F7 /* LaunchScreen.storyboard */,
				57A39FC0225641FF00AF87F7 /* Assets.xcassets */,
				57A39FBF225641FE00AF87F7 /* Info.plist */,
			);
			path = Resources;
			sourceTree = "<group>";
		};
		57A39FC322564CCE00AF87F7 /* Main */ = {
			isa = PBXGroup;
			children = (
				57A39F7C2256383300AF87F7 /* Main.storyboard */,
				57A39F7A2256383300AF87F7 /* PhotosListViewController.swift */,
			);
			path = Main;
			sourceTree = "<group>";
		};
		57A39FC42256605200AF87F7 /* Foundation */ = {
			isa = PBXGroup;
			children = (
				57A39FC52256606C00AF87F7 /* Endpoint.swift */,
				57A39FC7225660C700AF87F7 /* Service.swift */,
				57A39FC9225660F700AF87F7 /* HTTPRequestHandler.swift */,
				57A39FCB2256613D00AF87F7 /* URLSessionRequestHandler.swift */,
				57A39FCD2256621E00AF87F7 /* ServiceConfiguration.swift */,
				57A39FCF22569DD700AF87F7 /* EndpointConfiguration.swift */,
				57A39FD122569DF700AF87F7 /* OperationConfiguration.swift */,
				57A39FDA2256A68D00AF87F7 /* IgnorableResponse.swift */,
			);
			path = Foundation;
			sourceTree = "<group>";
		};
		57A39FD422569E4F00AF87F7 /* Services */ = {
			isa = PBXGroup;
			children = (
				57A39FD522569E5A00AF87F7 /* Photos */,
			);
			path = Services;
			sourceTree = "<group>";
		};
		57A39FD522569E5A00AF87F7 /* Photos */ = {
			isa = PBXGroup;
			children = (
				57A39FD622569E6800AF87F7 /* PhotosService.swift */,
				57A39FD822569F9100AF87F7 /* PhotosResponse.swift */,
				57A39FDC2256A6E300AF87F7 /* AlbumsResponse.swift */,
				57A39FDE2256A78100AF87F7 /* NewPhotoContext.swift */,
			);
			path = Photos;
			sourceTree = "<group>";
		};
		972407D42A97360C3E02176B /* Pods */ = {
			isa = PBXGroup;
			children = (
				AF1DAAE0B74C230A9EDE6242 /* Pods-Api.debug.xcconfig */,
				4808A25E737F25C737E070A7 /* Pods-Api.release.xcconfig */,
				67AE26566F0A7E0C513BA82E /* Pods-ApiTests.debug.xcconfig */,
				FD39591B30C8E743E41478A8 /* Pods-ApiTests.release.xcconfig */,
				CA593D897C028BF00FDF484D /* Pods-PhotosTest.debug.xcconfig */,
				02C6D384814FEEBB9ED4BE00 /* Pods-PhotosTest.release.xcconfig */,
				28E2103F9514F32AC0142C37 /* Pods-PhotosTestTests.debug.xcconfig */,
				FA281B81267ECE87F9A93373 /* Pods-PhotosTestTests.release.xcconfig */,
			);
			name = Pods;
			sourceTree = "<group>";
		};
		E32D7E31E9AA15CE94A747A3 /* Frameworks */ = {
			isa = PBXGroup;
			children = (
				43AD28BAC2AF77CCE5477517 /* Pods_Api.framework */,
				E12359BE5516725D62B8D4E9 /* Pods_ApiTests.framework */,
				520738E75C93A9BECDB35369 /* Pods_PhotosTest.framework */,
				DED580247950A93F9502003D /* Pods_PhotosTestTests.framework */,
			);
			name = Frameworks;
			sourceTree = "<group>";
		};
/* End PBXGroup section */

/* Begin PBXHeadersBuildPhase section */
		57A39F9B2256418D00AF87F7 /* Headers */ = {
			isa = PBXHeadersBuildPhase;
			buildActionMask = 2147483647;
			files = (
				57A39FB22256418E00AF87F7 /* Api.h in Headers */,
			);
			runOnlyForDeploymentPostprocessing = 0;
		};
/* End PBXHeadersBuildPhase section */

/* Begin PBXNativeTarget section */
		57A39F742256383300AF87F7 /* PhotosTest */ = {
			isa = PBXNativeTarget;
			buildConfigurationList = 57A39F922256383400AF87F7 /* Build configuration list for PBXNativeTarget "PhotosTest" */;
			buildPhases = (
				2DF4C281D9E0760B0FC41B01 /* [CP] Check Pods Manifest.lock */,
				57A39F712256383300AF87F7 /* Sources */,
				57A39F722256383300AF87F7 /* Frameworks */,
				57A39F732256383300AF87F7 /* Resources */,
				57A39FBA2256418E00AF87F7 /* Embed Frameworks */,
				F70DC0C75F02061B265B38FA /* [CP] Embed Pods Frameworks */,
			);
			buildRules = (
			);
			dependencies = (
				57A39FB42256418E00AF87F7 /* PBXTargetDependency */,
			);
			name = PhotosTest;
			productName = PhotosTest;
			productReference = 57A39F752256383300AF87F7 /* PhotosTest.app */;
			productType = "com.apple.product-type.application";
		};
		57A39F882256383400AF87F7 /* PhotosTestTests */ = {
			isa = PBXNativeTarget;
			buildConfigurationList = 57A39F952256383400AF87F7 /* Build configuration list for PBXNativeTarget "PhotosTestTests" */;
			buildPhases = (
				EE586227847D79A8A2F4FDF8 /* [CP] Check Pods Manifest.lock */,
				57A39F852256383400AF87F7 /* Sources */,
				57A39F862256383400AF87F7 /* Frameworks */,
				57A39F872256383400AF87F7 /* Resources */,
			);
			buildRules = (
			);
			dependencies = (
				57A39F8B2256383400AF87F7 /* PBXTargetDependency */,
			);
			name = PhotosTestTests;
			productName = PhotosTestTests;
			productReference = 57A39F892256383400AF87F7 /* PhotosTestTests.xctest */;
			productType = "com.apple.product-type.bundle.unit-test";
		};
		57A39F9F2256418D00AF87F7 /* Api */ = {
			isa = PBXNativeTarget;
			buildConfigurationList = 57A39FB72256418E00AF87F7 /* Build configuration list for PBXNativeTarget "Api" */;
			buildPhases = (
				B2AECB51A1FDDDA33B2F2F0D /* [CP] Check Pods Manifest.lock */,
				57A39F9B2256418D00AF87F7 /* Headers */,
				57A39F9C2256418D00AF87F7 /* Sources */,
				57A39F9D2256418D00AF87F7 /* Frameworks */,
				57A39F9E2256418D00AF87F7 /* Resources */,
			);
			buildRules = (
			);
			dependencies = (
			);
			name = Api;
			productName = Api;
			productReference = 57A39FA02256418D00AF87F7 /* Api.framework */;
			productType = "com.apple.product-type.framework";
		};
		57A39FA72256418E00AF87F7 /* ApiTests */ = {
			isa = PBXNativeTarget;
			buildConfigurationList = 57A39FBB2256418E00AF87F7 /* Build configuration list for PBXNativeTarget "ApiTests" */;
			buildPhases = (
				0FE89840E4E872FF330138A9 /* [CP] Check Pods Manifest.lock */,
				57A39FA42256418E00AF87F7 /* Sources */,
				57A39FA52256418E00AF87F7 /* Frameworks */,
				57A39FA62256418E00AF87F7 /* Resources */,
				DFE3B2DF8B222400A18972EC /* [CP] Embed Pods Frameworks */,
			);
			buildRules = (
			);
			dependencies = (
				57A39FAB2256418E00AF87F7 /* PBXTargetDependency */,
				57A39FAD2256418E00AF87F7 /* PBXTargetDependency */,
			);
			name = ApiTests;
			productName = ApiTests;
			productReference = 57A39FA82256418E00AF87F7 /* ApiTests.xctest */;
			productType = "com.apple.product-type.bundle.unit-test";
		};
/* End PBXNativeTarget section */

/* Begin PBXProject section */
		57A39F6D2256383200AF87F7 /* Project object */ = {
			isa = PBXProject;
			attributes = {
				LastSwiftUpdateCheck = 1010;
				LastUpgradeCheck = 1010;
				ORGANIZATIONNAME = "Egor Sobko";
				TargetAttributes = {
					57A39F742256383300AF87F7 = {
						CreatedOnToolsVersion = 10.1;
					};
					57A39F882256383400AF87F7 = {
						CreatedOnToolsVersion = 10.1;
						TestTargetID = 57A39F742256383300AF87F7;
					};
					57A39F9F2256418D00AF87F7 = {
						CreatedOnToolsVersion = 10.1;
						LastSwiftMigration = 1010;
					};
					57A39FA72256418E00AF87F7 = {
						CreatedOnToolsVersion = 10.1;
						TestTargetID = 57A39F742256383300AF87F7;
					};
				};
			};
			buildConfigurationList = 57A39F702256383200AF87F7 /* Build configuration list for PBXProject "PhotosTest" */;
			compatibilityVersion = "Xcode 9.3";
			developmentRegion = en;
			hasScannedForEncodings = 0;
			knownRegions = (
				en,
				Base,
			);
			mainGroup = 57A39F6C2256383200AF87F7;
			productRefGroup = 57A39F762256383300AF87F7 /* Products */;
			projectDirPath = "";
			projectRoot = "";
			targets = (
				57A39F742256383300AF87F7 /* PhotosTest */,
				57A39F882256383400AF87F7 /* PhotosTestTests */,
				57A39F9F2256418D00AF87F7 /* Api */,
				57A39FA72256418E00AF87F7 /* ApiTests */,
			);
		};
/* End PBXProject section */

/* Begin PBXResourcesBuildPhase section */
		57A39F732256383300AF87F7 /* Resources */ = {
			isa = PBXResourcesBuildPhase;
			buildActionMask = 2147483647;
			files = (
				57A39F832256383400AF87F7 /* LaunchScreen.storyboard in Resources */,
				57A39F7E2256383300AF87F7 /* Main.storyboard in Resources */,
				57A39FC2225641FF00AF87F7 /* Assets.xcassets in Resources */,
			);
			runOnlyForDeploymentPostprocessing = 0;
		};
		57A39F872256383400AF87F7 /* Resources */ = {
			isa = PBXResourcesBuildPhase;
			buildActionMask = 2147483647;
			files = (
			);
			runOnlyForDeploymentPostprocessing = 0;
		};
		57A39F9E2256418D00AF87F7 /* Resources */ = {
			isa = PBXResourcesBuildPhase;
			buildActionMask = 2147483647;
			files = (
			);
			runOnlyForDeploymentPostprocessing = 0;
		};
		57A39FA62256418E00AF87F7 /* Resources */ = {
			isa = PBXResourcesBuildPhase;
			buildActionMask = 2147483647;
			files = (
			);
			runOnlyForDeploymentPostprocessing = 0;
		};
/* End PBXResourcesBuildPhase section */

/* Begin PBXShellScriptBuildPhase section */
		0FE89840E4E872FF330138A9 /* [CP] Check Pods Manifest.lock */ = {
			isa = PBXShellScriptBuildPhase;
			buildActionMask = 2147483647;
			files = (
			);
			inputPaths = (
				"${PODS_PODFILE_DIR_PATH}/Podfile.lock",
				"${PODS_ROOT}/Manifest.lock",
			);
			name = "[CP] Check Pods Manifest.lock";
			outputPaths = (
				"$(DERIVED_FILE_DIR)/Pods-ApiTests-checkManifestLockResult.txt",
			);
			runOnlyForDeploymentPostprocessing = 0;
			shellPath = /bin/sh;
			shellScript = "diff \"${PODS_PODFILE_DIR_PATH}/Podfile.lock\" \"${PODS_ROOT}/Manifest.lock\" > /dev/null\nif [ $? != 0 ] ; then\n    # print error to STDERR\n    echo \"error: The sandbox is not in sync with the Podfile.lock. Run 'pod install' or update your CocoaPods installation.\" >&2\n    exit 1\nfi\n# This output is used by Xcode 'outputs' to avoid re-running this script phase.\necho \"SUCCESS\" > \"${SCRIPT_OUTPUT_FILE_0}\"\n";
			showEnvVarsInLog = 0;
		};
		2DF4C281D9E0760B0FC41B01 /* [CP] Check Pods Manifest.lock */ = {
			isa = PBXShellScriptBuildPhase;
			buildActionMask = 2147483647;
			files = (
			);
			inputPaths = (
				"${PODS_PODFILE_DIR_PATH}/Podfile.lock",
				"${PODS_ROOT}/Manifest.lock",
			);
			name = "[CP] Check Pods Manifest.lock";
			outputPaths = (
				"$(DERIVED_FILE_DIR)/Pods-PhotosTest-checkManifestLockResult.txt",
			);
			runOnlyForDeploymentPostprocessing = 0;
			shellPath = /bin/sh;
			shellScript = "diff \"${PODS_PODFILE_DIR_PATH}/Podfile.lock\" \"${PODS_ROOT}/Manifest.lock\" > /dev/null\nif [ $? != 0 ] ; then\n    # print error to STDERR\n    echo \"error: The sandbox is not in sync with the Podfile.lock. Run 'pod install' or update your CocoaPods installation.\" >&2\n    exit 1\nfi\n# This output is used by Xcode 'outputs' to avoid re-running this script phase.\necho \"SUCCESS\" > \"${SCRIPT_OUTPUT_FILE_0}\"\n";
			showEnvVarsInLog = 0;
		};
		B2AECB51A1FDDDA33B2F2F0D /* [CP] Check Pods Manifest.lock */ = {
			isa = PBXShellScriptBuildPhase;
			buildActionMask = 2147483647;
			files = (
			);
			inputPaths = (
				"${PODS_PODFILE_DIR_PATH}/Podfile.lock",
				"${PODS_ROOT}/Manifest.lock",
			);
			name = "[CP] Check Pods Manifest.lock";
			outputPaths = (
				"$(DERIVED_FILE_DIR)/Pods-Api-checkManifestLockResult.txt",
			);
			runOnlyForDeploymentPostprocessing = 0;
			shellPath = /bin/sh;
			shellScript = "diff \"${PODS_PODFILE_DIR_PATH}/Podfile.lock\" \"${PODS_ROOT}/Manifest.lock\" > /dev/null\nif [ $? != 0 ] ; then\n    # print error to STDERR\n    echo \"error: The sandbox is not in sync with the Podfile.lock. Run 'pod install' or update your CocoaPods installation.\" >&2\n    exit 1\nfi\n# This output is used by Xcode 'outputs' to avoid re-running this script phase.\necho \"SUCCESS\" > \"${SCRIPT_OUTPUT_FILE_0}\"\n";
			showEnvVarsInLog = 0;
		};
		DFE3B2DF8B222400A18972EC /* [CP] Embed Pods Frameworks */ = {
			isa = PBXShellScriptBuildPhase;
			buildActionMask = 2147483647;
			files = (
			);
			inputPaths = (
				"${SRCROOT}/Pods/Target Support Files/Pods-ApiTests/Pods-ApiTests-frameworks.sh",
				"${BUILT_PRODUCTS_DIR}/Nimble/Nimble.framework",
				"${BUILT_PRODUCTS_DIR}/Quick/Quick.framework",
				"${BUILT_PRODUCTS_DIR}/BrightFutures/BrightFutures.framework",
				"${BUILT_PRODUCTS_DIR}/Result/Result.framework",
			);
			name = "[CP] Embed Pods Frameworks";
			outputPaths = (
				"${TARGET_BUILD_DIR}/${FRAMEWORKS_FOLDER_PATH}/Nimble.framework",
				"${TARGET_BUILD_DIR}/${FRAMEWORKS_FOLDER_PATH}/Quick.framework",
				"${TARGET_BUILD_DIR}/${FRAMEWORKS_FOLDER_PATH}/BrightFutures.framework",
				"${TARGET_BUILD_DIR}/${FRAMEWORKS_FOLDER_PATH}/Result.framework",
			);
			runOnlyForDeploymentPostprocessing = 0;
			shellPath = /bin/sh;
			shellScript = "\"${SRCROOT}/Pods/Target Support Files/Pods-ApiTests/Pods-ApiTests-frameworks.sh\"\n";
			showEnvVarsInLog = 0;
		};
		EE586227847D79A8A2F4FDF8 /* [CP] Check Pods Manifest.lock */ = {
			isa = PBXShellScriptBuildPhase;
			buildActionMask = 2147483647;
			files = (
			);
			inputPaths = (
				"${PODS_PODFILE_DIR_PATH}/Podfile.lock",
				"${PODS_ROOT}/Manifest.lock",
			);
			name = "[CP] Check Pods Manifest.lock";
			outputPaths = (
				"$(DERIVED_FILE_DIR)/Pods-PhotosTestTests-checkManifestLockResult.txt",
			);
			runOnlyForDeploymentPostprocessing = 0;
			shellPath = /bin/sh;
			shellScript = "diff \"${PODS_PODFILE_DIR_PATH}/Podfile.lock\" \"${PODS_ROOT}/Manifest.lock\" > /dev/null\nif [ $? != 0 ] ; then\n    # print error to STDERR\n    echo \"error: The sandbox is not in sync with the Podfile.lock. Run 'pod install' or update your CocoaPods installation.\" >&2\n    exit 1\nfi\n# This output is used by Xcode 'outputs' to avoid re-running this script phase.\necho \"SUCCESS\" > \"${SCRIPT_OUTPUT_FILE_0}\"\n";
			showEnvVarsInLog = 0;
		};
		F70DC0C75F02061B265B38FA /* [CP] Embed Pods Frameworks */ = {
			isa = PBXShellScriptBuildPhase;
			buildActionMask = 2147483647;
			files = (
			);
			inputPaths = (
				"${SRCROOT}/Pods/Target Support Files/Pods-PhotosTest/Pods-PhotosTest-frameworks.sh",
				"${BUILT_PRODUCTS_DIR}/BrightFutures/BrightFutures.framework",
				"${BUILT_PRODUCTS_DIR}/Result/Result.framework",
			);
			name = "[CP] Embed Pods Frameworks";
			outputPaths = (
				"${TARGET_BUILD_DIR}/${FRAMEWORKS_FOLDER_PATH}/BrightFutures.framework",
				"${TARGET_BUILD_DIR}/${FRAMEWORKS_FOLDER_PATH}/Result.framework",
			);
			runOnlyForDeploymentPostprocessing = 0;
			shellPath = /bin/sh;
			shellScript = "\"${SRCROOT}/Pods/Target Support Files/Pods-PhotosTest/Pods-PhotosTest-frameworks.sh\"\n";
			showEnvVarsInLog = 0;
		};
/* End PBXShellScriptBuildPhase section */

/* Begin PBXSourcesBuildPhase section */
		57A39F712256383300AF87F7 /* Sources */ = {
			isa = PBXSourcesBuildPhase;
			buildActionMask = 2147483647;
			files = (
				57A39F9A225640CB00AF87F7 /* AppDelegate.swift in Sources */,
				57A39F7B2256383300AF87F7 /* PhotosListViewController.swift in Sources */,
			);
			runOnlyForDeploymentPostprocessing = 0;
		};
		57A39F852256383400AF87F7 /* Sources */ = {
			isa = PBXSourcesBuildPhase;
			buildActionMask = 2147483647;
			files = (
				57A39F8E2256383400AF87F7 /* PhotosTestTests.swift in Sources */,
			);
			runOnlyForDeploymentPostprocessing = 0;
		};
		57A39F9C2256418D00AF87F7 /* Sources */ = {
			isa = PBXSourcesBuildPhase;
			buildActionMask = 2147483647;
			files = (
				57A39FDB2256A68D00AF87F7 /* IgnorableResponse.swift in Sources */,
				57A39FDD2256A6E300AF87F7 /* AlbumsResponse.swift in Sources */,
				57A39FC62256606C00AF87F7 /* Endpoint.swift in Sources */,
				57A39FD222569DF700AF87F7 /* OperationConfiguration.swift in Sources */,
				57A39FD022569DD700AF87F7 /* EndpointConfiguration.swift in Sources */,
				57A39FD922569F9100AF87F7 /* PhotosResponse.swift in Sources */,
				57A39FC8225660C700AF87F7 /* Service.swift in Sources */,
				57A39FD722569E6800AF87F7 /* PhotosService.swift in Sources */,
				57A39FCA225660F700AF87F7 /* HTTPRequestHandler.swift in Sources */,
				57A39FDF2256A78100AF87F7 /* NewPhotoContext.swift in Sources */,
				57A39FCC2256613D00AF87F7 /* URLSessionRequestHandler.swift in Sources */,
				57A39FCE2256621E00AF87F7 /* ServiceConfiguration.swift in Sources */,
			);
			runOnlyForDeploymentPostprocessing = 0;
		};
		57A39FA42256418E00AF87F7 /* Sources */ = {
			isa = PBXSourcesBuildPhase;
			buildActionMask = 2147483647;
			files = (
				57A39FB02256418E00AF87F7 /* ApiTests.swift in Sources */,
			);
			runOnlyForDeploymentPostprocessing = 0;
		};
/* End PBXSourcesBuildPhase section */

/* Begin PBXTargetDependency section */
		57A39F8B2256383400AF87F7 /* PBXTargetDependency */ = {
			isa = PBXTargetDependency;
			target = 57A39F742256383300AF87F7 /* PhotosTest */;
			targetProxy = 57A39F8A2256383400AF87F7 /* PBXContainerItemProxy */;
		};
		57A39FAB2256418E00AF87F7 /* PBXTargetDependency */ = {
			isa = PBXTargetDependency;
			target = 57A39F9F2256418D00AF87F7 /* Api */;
			targetProxy = 57A39FAA2256418E00AF87F7 /* PBXContainerItemProxy */;
		};
		57A39FAD2256418E00AF87F7 /* PBXTargetDependency */ = {
			isa = PBXTargetDependency;
			target = 57A39F742256383300AF87F7 /* PhotosTest */;
			targetProxy = 57A39FAC2256418E00AF87F7 /* PBXContainerItemProxy */;
		};
		57A39FB42256418E00AF87F7 /* PBXTargetDependency */ = {
			isa = PBXTargetDependency;
			target = 57A39F9F2256418D00AF87F7 /* Api */;
			targetProxy = 57A39FB32256418E00AF87F7 /* PBXContainerItemProxy */;
		};
/* End PBXTargetDependency section */

/* Begin PBXVariantGroup section */
		57A39F7C2256383300AF87F7 /* Main.storyboard */ = {
			isa = PBXVariantGroup;
			children = (
				57A39F7D2256383300AF87F7 /* Base */,
			);
			name = Main.storyboard;
			sourceTree = "<group>";
		};
		57A39F812256383400AF87F7 /* LaunchScreen.storyboard */ = {
			isa = PBXVariantGroup;
			children = (
				57A39F822256383400AF87F7 /* Base */,
			);
			name = LaunchScreen.storyboard;
			sourceTree = "<group>";
		};
/* End PBXVariantGroup section */

/* Begin XCBuildConfiguration section */
		57A39F902256383400AF87F7 /* Debug */ = {
			isa = XCBuildConfiguration;
			buildSettings = {
				ALWAYS_SEARCH_USER_PATHS = NO;
				CLANG_ANALYZER_NONNULL = YES;
				CLANG_ANALYZER_NUMBER_OBJECT_CONVERSION = YES_AGGRESSIVE;
				CLANG_CXX_LANGUAGE_STANDARD = "gnu++14";
				CLANG_CXX_LIBRARY = "libc++";
				CLANG_ENABLE_MODULES = YES;
				CLANG_ENABLE_OBJC_ARC = YES;
				CLANG_ENABLE_OBJC_WEAK = YES;
				CLANG_WARN_BLOCK_CAPTURE_AUTORELEASING = YES;
				CLANG_WARN_BOOL_CONVERSION = YES;
				CLANG_WARN_COMMA = YES;
				CLANG_WARN_CONSTANT_CONVERSION = YES;
				CLANG_WARN_DEPRECATED_OBJC_IMPLEMENTATIONS = YES;
				CLANG_WARN_DIRECT_OBJC_ISA_USAGE = YES_ERROR;
				CLANG_WARN_DOCUMENTATION_COMMENTS = YES;
				CLANG_WARN_EMPTY_BODY = YES;
				CLANG_WARN_ENUM_CONVERSION = YES;
				CLANG_WARN_INFINITE_RECURSION = YES;
				CLANG_WARN_INT_CONVERSION = YES;
				CLANG_WARN_NON_LITERAL_NULL_CONVERSION = YES;
				CLANG_WARN_OBJC_IMPLICIT_RETAIN_SELF = YES;
				CLANG_WARN_OBJC_LITERAL_CONVERSION = YES;
				CLANG_WARN_OBJC_ROOT_CLASS = YES_ERROR;
				CLANG_WARN_RANGE_LOOP_ANALYSIS = YES;
				CLANG_WARN_STRICT_PROTOTYPES = YES;
				CLANG_WARN_SUSPICIOUS_MOVE = YES;
				CLANG_WARN_UNGUARDED_AVAILABILITY = YES_AGGRESSIVE;
				CLANG_WARN_UNREACHABLE_CODE = YES;
				CLANG_WARN__DUPLICATE_METHOD_MATCH = YES;
				CODE_SIGN_IDENTITY = "iPhone Developer";
				COPY_PHASE_STRIP = NO;
				DEBUG_INFORMATION_FORMAT = dwarf;
				ENABLE_STRICT_OBJC_MSGSEND = YES;
				ENABLE_TESTABILITY = YES;
				GCC_C_LANGUAGE_STANDARD = gnu11;
				GCC_DYNAMIC_NO_PIC = NO;
				GCC_NO_COMMON_BLOCKS = YES;
				GCC_OPTIMIZATION_LEVEL = 0;
				GCC_PREPROCESSOR_DEFINITIONS = (
					"DEBUG=1",
					"$(inherited)",
				);
				GCC_WARN_64_TO_32_BIT_CONVERSION = YES;
				GCC_WARN_ABOUT_RETURN_TYPE = YES_ERROR;
				GCC_WARN_UNDECLARED_SELECTOR = YES;
				GCC_WARN_UNINITIALIZED_AUTOS = YES_AGGRESSIVE;
				GCC_WARN_UNUSED_FUNCTION = YES;
				GCC_WARN_UNUSED_VARIABLE = YES;
				IPHONEOS_DEPLOYMENT_TARGET = 12.1;
				MTL_ENABLE_DEBUG_INFO = INCLUDE_SOURCE;
				MTL_FAST_MATH = YES;
				ONLY_ACTIVE_ARCH = YES;
				SDKROOT = iphoneos;
				SWIFT_ACTIVE_COMPILATION_CONDITIONS = DEBUG;
				SWIFT_OPTIMIZATION_LEVEL = "-Onone";
			};
			name = Debug;
		};
		57A39F912256383400AF87F7 /* Release */ = {
			isa = XCBuildConfiguration;
			buildSettings = {
				ALWAYS_SEARCH_USER_PATHS = NO;
				CLANG_ANALYZER_NONNULL = YES;
				CLANG_ANALYZER_NUMBER_OBJECT_CONVERSION = YES_AGGRESSIVE;
				CLANG_CXX_LANGUAGE_STANDARD = "gnu++14";
				CLANG_CXX_LIBRARY = "libc++";
				CLANG_ENABLE_MODULES = YES;
				CLANG_ENABLE_OBJC_ARC = YES;
				CLANG_ENABLE_OBJC_WEAK = YES;
				CLANG_WARN_BLOCK_CAPTURE_AUTORELEASING = YES;
				CLANG_WARN_BOOL_CONVERSION = YES;
				CLANG_WARN_COMMA = YES;
				CLANG_WARN_CONSTANT_CONVERSION = YES;
				CLANG_WARN_DEPRECATED_OBJC_IMPLEMENTATIONS = YES;
				CLANG_WARN_DIRECT_OBJC_ISA_USAGE = YES_ERROR;
				CLANG_WARN_DOCUMENTATION_COMMENTS = YES;
				CLANG_WARN_EMPTY_BODY = YES;
				CLANG_WARN_ENUM_CONVERSION = YES;
				CLANG_WARN_INFINITE_RECURSION = YES;
				CLANG_WARN_INT_CONVERSION = YES;
				CLANG_WARN_NON_LITERAL_NULL_CONVERSION = YES;
				CLANG_WARN_OBJC_IMPLICIT_RETAIN_SELF = YES;
				CLANG_WARN_OBJC_LITERAL_CONVERSION = YES;
				CLANG_WARN_OBJC_ROOT_CLASS = YES_ERROR;
				CLANG_WARN_RANGE_LOOP_ANALYSIS = YES;
				CLANG_WARN_STRICT_PROTOTYPES = YES;
				CLANG_WARN_SUSPICIOUS_MOVE = YES;
				CLANG_WARN_UNGUARDED_AVAILABILITY = YES_AGGRESSIVE;
				CLANG_WARN_UNREACHABLE_CODE = YES;
				CLANG_WARN__DUPLICATE_METHOD_MATCH = YES;
				CODE_SIGN_IDENTITY = "iPhone Developer";
				COPY_PHASE_STRIP = NO;
				DEBUG_INFORMATION_FORMAT = "dwarf-with-dsym";
				ENABLE_NS_ASSERTIONS = NO;
				ENABLE_STRICT_OBJC_MSGSEND = YES;
				GCC_C_LANGUAGE_STANDARD = gnu11;
				GCC_NO_COMMON_BLOCKS = YES;
				GCC_WARN_64_TO_32_BIT_CONVERSION = YES;
				GCC_WARN_ABOUT_RETURN_TYPE = YES_ERROR;
				GCC_WARN_UNDECLARED_SELECTOR = YES;
				GCC_WARN_UNINITIALIZED_AUTOS = YES_AGGRESSIVE;
				GCC_WARN_UNUSED_FUNCTION = YES;
				GCC_WARN_UNUSED_VARIABLE = YES;
				IPHONEOS_DEPLOYMENT_TARGET = 12.1;
				MTL_ENABLE_DEBUG_INFO = NO;
				MTL_FAST_MATH = YES;
				SDKROOT = iphoneos;
				SWIFT_COMPILATION_MODE = wholemodule;
				SWIFT_OPTIMIZATION_LEVEL = "-O";
				VALIDATE_PRODUCT = YES;
			};
			name = Release;
		};
		57A39F932256383400AF87F7 /* Debug */ = {
			isa = XCBuildConfiguration;
			baseConfigurationReference = CA593D897C028BF00FDF484D /* Pods-PhotosTest.debug.xcconfig */;
			buildSettings = {
				ALWAYS_EMBED_SWIFT_STANDARD_LIBRARIES = YES;
				ASSETCATALOG_COMPILER_APPICON_NAME = AppIcon;
				CODE_SIGN_STYLE = Automatic;
				INFOPLIST_FILE = PhotosTest/Resources/Info.plist;
				LD_RUNPATH_SEARCH_PATHS = (
					"$(inherited)",
					"@executable_path/Frameworks",
				);
				PRODUCT_BUNDLE_IDENTIFIER = com.egorsobko.PhotosTest;
				PRODUCT_NAME = "$(TARGET_NAME)";
				SWIFT_VERSION = 4.2;
				TARGETED_DEVICE_FAMILY = "1,2";
			};
			name = Debug;
		};
		57A39F942256383400AF87F7 /* Release */ = {
			isa = XCBuildConfiguration;
			baseConfigurationReference = 02C6D384814FEEBB9ED4BE00 /* Pods-PhotosTest.release.xcconfig */;
			buildSettings = {
				ALWAYS_EMBED_SWIFT_STANDARD_LIBRARIES = YES;
				ASSETCATALOG_COMPILER_APPICON_NAME = AppIcon;
				CODE_SIGN_STYLE = Automatic;
				INFOPLIST_FILE = PhotosTest/Resources/Info.plist;
				LD_RUNPATH_SEARCH_PATHS = (
					"$(inherited)",
					"@executable_path/Frameworks",
				);
				PRODUCT_BUNDLE_IDENTIFIER = com.egorsobko.PhotosTest;
				PRODUCT_NAME = "$(TARGET_NAME)";
				SWIFT_VERSION = 4.2;
				TARGETED_DEVICE_FAMILY = "1,2";
			};
			name = Release;
		};
		57A39F962256383400AF87F7 /* Debug */ = {
			isa = XCBuildConfiguration;
			baseConfigurationReference = 28E2103F9514F32AC0142C37 /* Pods-PhotosTestTests.debug.xcconfig */;
			buildSettings = {
				ALWAYS_EMBED_SWIFT_STANDARD_LIBRARIES = YES;
				BUNDLE_LOADER = "$(TEST_HOST)";
				CODE_SIGN_STYLE = Automatic;
				INFOPLIST_FILE = PhotosTestTests/Info.plist;
				LD_RUNPATH_SEARCH_PATHS = (
					"$(inherited)",
					"@executable_path/Frameworks",
					"@loader_path/Frameworks",
				);
				PRODUCT_BUNDLE_IDENTIFIER = com.egorsobko.PhotosTestTests;
				PRODUCT_NAME = "$(TARGET_NAME)";
				SWIFT_VERSION = 4.2;
				TARGETED_DEVICE_FAMILY = "1,2";
				TEST_HOST = "$(BUILT_PRODUCTS_DIR)/PhotosTest.app/PhotosTest";
			};
			name = Debug;
		};
		57A39F972256383400AF87F7 /* Release */ = {
			isa = XCBuildConfiguration;
			baseConfigurationReference = FA281B81267ECE87F9A93373 /* Pods-PhotosTestTests.release.xcconfig */;
			buildSettings = {
				ALWAYS_EMBED_SWIFT_STANDARD_LIBRARIES = YES;
				BUNDLE_LOADER = "$(TEST_HOST)";
				CODE_SIGN_STYLE = Automatic;
				INFOPLIST_FILE = PhotosTestTests/Info.plist;
				LD_RUNPATH_SEARCH_PATHS = (
					"$(inherited)",
					"@executable_path/Frameworks",
					"@loader_path/Frameworks",
				);
				PRODUCT_BUNDLE_IDENTIFIER = com.egorsobko.PhotosTestTests;
				PRODUCT_NAME = "$(TARGET_NAME)";
				SWIFT_VERSION = 4.2;
				TARGETED_DEVICE_FAMILY = "1,2";
				TEST_HOST = "$(BUILT_PRODUCTS_DIR)/PhotosTest.app/PhotosTest";
			};
			name = Release;
		};
		57A39FB82256418E00AF87F7 /* Debug */ = {
			isa = XCBuildConfiguration;
			baseConfigurationReference = AF1DAAE0B74C230A9EDE6242 /* Pods-Api.debug.xcconfig */;
			buildSettings = {
				CLANG_ENABLE_MODULES = YES;
				CODE_SIGN_IDENTITY = "";
				CODE_SIGN_STYLE = Automatic;
				CURRENT_PROJECT_VERSION = 1;
				DEFINES_MODULE = YES;
				DYLIB_COMPATIBILITY_VERSION = 1;
				DYLIB_CURRENT_VERSION = 1;
				DYLIB_INSTALL_NAME_BASE = "@rpath";
				INFOPLIST_FILE = Api/Info.plist;
				INSTALL_PATH = "$(LOCAL_LIBRARY_DIR)/Frameworks";
				LD_RUNPATH_SEARCH_PATHS = (
					"$(inherited)",
					"@executable_path/Frameworks",
					"@loader_path/Frameworks",
				);
				PRODUCT_BUNDLE_IDENTIFIER = com.egorsobko.Api;
				PRODUCT_NAME = "$(TARGET_NAME:c99extidentifier)";
				SKIP_INSTALL = YES;
				SWIFT_OPTIMIZATION_LEVEL = "-Onone";
				SWIFT_VERSION = 4.2;
				TARGETED_DEVICE_FAMILY = "1,2";
				VERSIONING_SYSTEM = "apple-generic";
				VERSION_INFO_PREFIX = "";
			};
			name = Debug;
		};
		57A39FB92256418E00AF87F7 /* Release */ = {
			isa = XCBuildConfiguration;
			baseConfigurationReference = 4808A25E737F25C737E070A7 /* Pods-Api.release.xcconfig */;
			buildSettings = {
				CLANG_ENABLE_MODULES = YES;
				CODE_SIGN_IDENTITY = "";
				CODE_SIGN_STYLE = Automatic;
				CURRENT_PROJECT_VERSION = 1;
				DEFINES_MODULE = YES;
				DYLIB_COMPATIBILITY_VERSION = 1;
				DYLIB_CURRENT_VERSION = 1;
				DYLIB_INSTALL_NAME_BASE = "@rpath";
				INFOPLIST_FILE = Api/Info.plist;
				INSTALL_PATH = "$(LOCAL_LIBRARY_DIR)/Frameworks";
				LD_RUNPATH_SEARCH_PATHS = (
					"$(inherited)",
					"@executable_path/Frameworks",
					"@loader_path/Frameworks",
				);
				PRODUCT_BUNDLE_IDENTIFIER = com.egorsobko.Api;
				PRODUCT_NAME = "$(TARGET_NAME:c99extidentifier)";
				SKIP_INSTALL = YES;
				SWIFT_VERSION = 4.2;
				TARGETED_DEVICE_FAMILY = "1,2";
				VERSIONING_SYSTEM = "apple-generic";
				VERSION_INFO_PREFIX = "";
			};
			name = Release;
		};
		57A39FBC2256418E00AF87F7 /* Debug */ = {
			isa = XCBuildConfiguration;
			baseConfigurationReference = 67AE26566F0A7E0C513BA82E /* Pods-ApiTests.debug.xcconfig */;
			buildSettings = {
				ALWAYS_EMBED_SWIFT_STANDARD_LIBRARIES = YES;
				CODE_SIGN_STYLE = Automatic;
				INFOPLIST_FILE = ApiTests/Info.plist;
				LD_RUNPATH_SEARCH_PATHS = (
					"$(inherited)",
					"@executable_path/Frameworks",
					"@loader_path/Frameworks",
				);
				PRODUCT_BUNDLE_IDENTIFIER = com.egorsobko.ApiTests;
				PRODUCT_NAME = "$(TARGET_NAME)";
				SWIFT_VERSION = 4.2;
				TARGETED_DEVICE_FAMILY = "1,2";
				TEST_HOST = "$(BUILT_PRODUCTS_DIR)/PhotosTest.app/PhotosTest";
			};
			name = Debug;
		};
		57A39FBD2256418E00AF87F7 /* Release */ = {
			isa = XCBuildConfiguration;
			baseConfigurationReference = FD39591B30C8E743E41478A8 /* Pods-ApiTests.release.xcconfig */;
			buildSettings = {
				ALWAYS_EMBED_SWIFT_STANDARD_LIBRARIES = YES;
				CODE_SIGN_STYLE = Automatic;
				INFOPLIST_FILE = ApiTests/Info.plist;
				LD_RUNPATH_SEARCH_PATHS = (
					"$(inherited)",
					"@executable_path/Frameworks",
					"@loader_path/Frameworks",
				);
				PRODUCT_BUNDLE_IDENTIFIER = com.egorsobko.ApiTests;
				PRODUCT_NAME = "$(TARGET_NAME)";
				SWIFT_VERSION = 4.2;
				TARGETED_DEVICE_FAMILY = "1,2";
				TEST_HOST = "$(BUILT_PRODUCTS_DIR)/PhotosTest.app/PhotosTest";
			};
			name = Release;
		};
/* End XCBuildConfiguration section */

/* Begin XCConfigurationList section */
		57A39F702256383200AF87F7 /* Build configuration list for PBXProject "PhotosTest" */ = {
			isa = XCConfigurationList;
			buildConfigurations = (
				57A39F902256383400AF87F7 /* Debug */,
				57A39F912256383400AF87F7 /* Release */,
			);
			defaultConfigurationIsVisible = 0;
			defaultConfigurationName = Release;
		};
		57A39F922256383400AF87F7 /* Build configuration list for PBXNativeTarget "PhotosTest" */ = {
			isa = XCConfigurationList;
			buildConfigurations = (
				57A39F932256383400AF87F7 /* Debug */,
				57A39F942256383400AF87F7 /* Release */,
			);
			defaultConfigurationIsVisible = 0;
			defaultConfigurationName = Release;
		};
		57A39F952256383400AF87F7 /* Build configuration list for PBXNativeTarget "PhotosTestTests" */ = {
			isa = XCConfigurationList;
			buildConfigurations = (
				57A39F962256383400AF87F7 /* Debug */,
				57A39F972256383400AF87F7 /* Release */,
			);
			defaultConfigurationIsVisible = 0;
			defaultConfigurationName = Release;
		};
		57A39FB72256418E00AF87F7 /* Build configuration list for PBXNativeTarget "Api" */ = {
			isa = XCConfigurationList;
			buildConfigurations = (
				57A39FB82256418E00AF87F7 /* Debug */,
				57A39FB92256418E00AF87F7 /* Release */,
			);
			defaultConfigurationIsVisible = 0;
			defaultConfigurationName = Release;
		};
		57A39FBB2256418E00AF87F7 /* Build configuration list for PBXNativeTarget "ApiTests" */ = {
			isa = XCConfigurationList;
			buildConfigurations = (
				57A39FBC2256418E00AF87F7 /* Debug */,
				57A39FBD2256418E00AF87F7 /* Release */,
			);
			defaultConfigurationIsVisible = 0;
			defaultConfigurationName = Release;
		};
/* End XCConfigurationList section */
	};
	rootObject = 57A39F6D2256383200AF87F7 /* Project object */;
}
